
Microsoft Visual Studio Solution File, Format Version 12.00
# Visual Studio Version 17
VisualStudioVersion = 17.3.32825.248
MinimumVisualStudioVersion = 10.0.40219.1
Project("{9A19103F-16F7-4668-BE54-9A1E7A4F7556}") = "Gedaq", "Src\Gedaq\Gedaq.csproj", "{51ABAB41-3315-4D27-B104-C3B0BCA01344}"
EndProject
Project("{9A19103F-16F7-4668-BE54-9A1E7A4F7556}") = "NpgsqlTests", "Src\NpgsqlTests\NpgsqlTests.csproj", "{9B9266E6-47AC-48F6-8E52-6891793A13FC}"
EndProject
Project("{2150E333-8FDC-42A3-9474-1A3956D46DE8}") = "Tests", "Tests", "{9A6C4595-9C75-4142-9DFB-BEA95F24F2E1}"
EndProject
Project("{9A19103F-16F7-4668-BE54-9A1E7A4F7556}") = "DbConnectionTests", "Src\DbConnectionTests\DbConnectionTests.csproj", "{940303BC-06EB-44F2-93B9-9A516DF4854A}"
EndProject
Project("{9A19103F-16F7-4668-BE54-9A1E7A4F7556}") = "TestsGenerator", "Src\TestsGenerator\TestsGenerator.csproj", "{8DE53B85-FC23-4C3F-BAFF-1BEF677E4716}"
EndProject
Project("{9A19103F-16F7-4668-BE54-9A1E7A4F7556}") = "PostgreSQLTests", "Src\PostgreSQLTests\PostgreSQLTests.csproj", "{06496CA2-6CB4-43F7-AC07-A81F14EACC98}"
	ProjectSection(ProjectDependencies) = postProject
		{8DE53B85-FC23-4C3F-BAFF-1BEF677E4716} = {8DE53B85-FC23-4C3F-BAFF-1BEF677E4716}
	EndProjectSection
EndProject
Global
	GlobalSection(SolutionConfigurationPlatforms) = preSolution
		Debug|Any CPU = Debug|Any CPU
		Release|Any CPU = Release|Any CPU
	EndGlobalSection
	GlobalSection(ProjectConfigurationPlatforms) = postSolution
		{51ABAB41-3315-4D27-B104-C3B0BCA01344}.Debug|Any CPU.ActiveCfg = Debug|Any CPU
		{51ABAB41-3315-4D27-B104-C3B0BCA01344}.Debug|Any CPU.Build.0 = Debug|Any CPU
		{51ABAB41-3315-4D27-B104-C3B0BCA01344}.Release|Any CPU.ActiveCfg = Release|Any CPU
		{51ABAB41-3315-4D27-B104-C3B0BCA01344}.Release|Any CPU.Build.0 = Release|Any CPU
		{9B9266E6-47AC-48F6-8E52-6891793A13FC}.Debug|Any CPU.ActiveCfg = Debug|Any CPU
		{9B9266E6-47AC-48F6-8E52-6891793A13FC}.Debug|Any CPU.Build.0 = Debug|Any CPU
		{9B9266E6-47AC-48F6-8E52-6891793A13FC}.Release|Any CPU.ActiveCfg = Release|Any CPU
		{9B9266E6-47AC-48F6-8E52-6891793A13FC}.Release|Any CPU.Build.0 = Release|Any CPU
		{940303BC-06EB-44F2-93B9-9A516DF4854A}.Debug|Any CPU.ActiveCfg = Debug|Any CPU
		{940303BC-06EB-44F2-93B9-9A516DF4854A}.Debug|Any CPU.Build.0 = Debug|Any CPU
		{940303BC-06EB-44F2-93B9-9A516DF4854A}.Release|Any CPU.ActiveCfg = Release|Any CPU
		{940303BC-06EB-44F2-93B9-9A516DF4854A}.Release|Any CPU.Build.0 = Release|Any CPU
		{8DE53B85-FC23-4C3F-BAFF-1BEF677E4716}.Debug|Any CPU.ActiveCfg = Debug|Any CPU
		{8DE53B85-FC23-4C3F-BAFF-1BEF677E4716}.Debug|Any CPU.Build.0 = Debug|Any CPU
		{8DE53B85-FC23-4C3F-BAFF-1BEF677E4716}.Release|Any CPU.ActiveCfg = Release|Any CPU
		{8DE53B85-FC23-4C3F-BAFF-1BEF677E4716}.Release|Any CPU.Build.0 = Release|Any CPU
		{06496CA2-6CB4-43F7-AC07-A81F14EACC98}.Debug|Any CPU.ActiveCfg = Debug|Any CPU
		{06496CA2-6CB4-43F7-AC07-A81F14EACC98}.Debug|Any CPU.Build.0 = Debug|Any CPU
		{06496CA2-6CB4-43F7-AC07-A81F14EACC98}.Release|Any CPU.ActiveCfg = Release|Any CPU
		{06496CA2-6CB4-43F7-AC07-A81F14EACC98}.Release|Any CPU.Build.0 = Release|Any CPU
	EndGlobalSection
	GlobalSection(SolutionProperties) = preSolution
		HideSolutionNode = FALSE
	EndGlobalSection
	GlobalSection(NestedProjects) = preSolution
		{9B9266E6-47AC-48F6-8E52-6891793A13FC} = {9A6C4595-9C75-4142-9DFB-BEA95F24F2E1}
		{940303BC-06EB-44F2-93B9-9A516DF4854A} = {9A6C4595-9C75-4142-9DFB-BEA95F24F2E1}
		{8DE53B85-FC23-4C3F-BAFF-1BEF677E4716} = {9A6C4595-9C75-4142-9DFB-BEA95F24F2E1}
		{06496CA2-6CB4-43F7-AC07-A81F14EACC98} = {9A6C4595-9C75-4142-9DFB-BEA95F24F2E1}
	EndGlobalSection
	GlobalSection(ExtensibilityGlobals) = postSolution
		SolutionGuid = {FB70F321-E9FD-4AD5-BD34-09B2945AEE15}
	EndGlobalSection
EndGlobal
